
Microsoft Visual Studio Solution File, Format Version 12.00
# Visual Studio Version 17
VisualStudioVersion = 17.1.32421.90
MinimumVisualStudioVersion = 10.0.40219.1
Project("{FAE04EC0-301F-11D3-BF4B-00C04F79EFBC}") = "RegularExpression", "RegularExpression\RegularExpression.csproj", "{08C68E72-01B7-4972-8EA6-87D6F40A4D44}"
EndProject
Global
	GlobalSection(SolutionConfigurationPlatforms) = preSolution
		Debug|Any CPU = Debug|Any CPU
		Release|Any CPU = Release|Any CPU
	EndGlobalSection
	GlobalSection(ProjectConfigurationPlatforms) = postSolution
		{08C68E72-01B7-4972-8EA6-87D6F40A4D44}.Debug|Any CPU.ActiveCfg = Debug|Any CPU
		{08C68E72-01B7-4972-8EA6-87D6F40A4D44}.Debug|Any CPU.Build.0 = Debug|Any CPU
		{08C68E72-01B7-4972-8EA6-87D6F40A4D44}.Release|Any CPU.ActiveCfg = Release|Any CPU
		{08C68E72-01B7-4972-8EA6-87D6F40A4D44}.Release|Any CPU.Build.0 = Release|Any CPU
	EndGlobalSection
	GlobalSection(SolutionProperties) = preSolution
		HideSolutionNode = FALSE
	EndGlobalSection
	GlobalSection(ExtensibilityGlobals) = postSolution
		SolutionGuid = {99D4A785-D69E-4337-ABB2-A537871AC094}
	EndGlobalSection
EndGlobal
